// !$*UTF8*$!
{
	archiveVersion = 1;
	classes = {
	};
	objectVersion = 46;
	objects = {

/* Begin PBXBuildFile section */
		4C3EB79D1B54755C005DF938 /* OHLinearScrollView.m in Sources */ = {isa = PBXBuildFile; fileRef = 4C3EB79C1B54755C005DF938 /* OHLinearScrollView.m */; };
		4C3EB79E1B547A96005DF938 /* OHLinearScrollView.m in Sources */ = {isa = PBXBuildFile; fileRef = 4C3EB79C1B54755C005DF938 /* OHLinearScrollView.m */; };
		4C98AA901B56E16A000B6D9C /* UIColor+Utility.m in Sources */ = {isa = PBXBuildFile; fileRef = 4C98AA8F1B56E16A000B6D9C /* UIColor+Utility.m */; };
		4C98AA911B56E98A000B6D9C /* UIColor+Utility.m in Sources */ = {isa = PBXBuildFile; fileRef = 4C98AA8F1B56E16A000B6D9C /* UIColor+Utility.m */; };
		D300C3091BC808A5003F5050 /* OHReactiveButton.m in Sources */ = {isa = PBXBuildFile; fileRef = D300C3081BC808A5003F5050 /* OHReactiveButton.m */; settings = {ASSET_TAGS = (); }; };
		D300C30A1BC80E5D003F5050 /* OHReactiveButton.m in Sources */ = {isa = PBXBuildFile; fileRef = D300C3081BC808A5003F5050 /* OHReactiveButton.m */; settings = {ASSET_TAGS = (); }; };
		D309EC1E1ADA455F00858EF2 /* UIImageEffects.m in Sources */ = {isa = PBXBuildFile; fileRef = D309EC1C1ADA454800858EF2 /* UIImageEffects.m */; };
		D309EC1F1ADA456100858EF2 /* UIImageEffects.m in Sources */ = {isa = PBXBuildFile; fileRef = D309EC1C1ADA454800858EF2 /* UIImageEffects.m */; };
		D30C945F1B7AB5EE003C05AB /* OHProgressBar.m in Sources */ = {isa = PBXBuildFile; fileRef = D30C945E1B7AB5EE003C05AB /* OHProgressBar.m */; };
		D30C94601B7ABAFD003C05AB /* OHProgressBar.m in Sources */ = {isa = PBXBuildFile; fileRef = D30C945E1B7AB5EE003C05AB /* OHProgressBar.m */; };
		D323D4601B12278F00C3B0D0 /* OHCircularButton.m in Sources */ = {isa = PBXBuildFile; fileRef = D3FE00911AC5DA0D004D4BD2 /* OHCircularButton.m */; };
		D323D4611B12280800C3B0D0 /* UIImage+Color.m in Sources */ = {isa = PBXBuildFile; fileRef = D3FE00951AC5E02F004D4BD2 /* UIImage+Color.m */; };
		D323D4621B122DD900C3B0D0 /* OHButton.m in Sources */ = {isa = PBXBuildFile; fileRef = D3FE001D1AC507E3004D4BD2 /* OHButton.m */; };
		D323D4651B122DFC00C3B0D0 /* OHButtonDemoViewController.m in Sources */ = {isa = PBXBuildFile; fileRef = D323D4641B122DFC00C3B0D0 /* OHButtonDemoViewController.m */; };
		D32848011AEC1B3F00DE7CD3 /* AppDelegate.m in Sources */ = {isa = PBXBuildFile; fileRef = D32848001AEC1B3F00DE7CD3 /* AppDelegate.m */; };
		D328480C1AEC1B9500DE7CD3 /* LaunchScreen.xib in Resources */ = {isa = PBXBuildFile; fileRef = D328480A1AEC1B9500DE7CD3 /* LaunchScreen.xib */; };
		D328480D1AEC1B9500DE7CD3 /* Main.storyboard in Resources */ = {isa = PBXBuildFile; fileRef = D328480B1AEC1B9500DE7CD3 /* Main.storyboard */; };
		D32848101AEC209900DE7CD3 /* OHHambugerButtonDemo.m in Sources */ = {isa = PBXBuildFile; fileRef = D328480F1AEC209900DE7CD3 /* OHHambugerButtonDemo.m */; };
		D32848171AEC273800DE7CD3 /* OHHamburgerButton.m in Sources */ = {isa = PBXBuildFile; fileRef = D32848161AEC273800DE7CD3 /* OHHamburgerButton.m */; };
		D34A080B1B7B74CF001B6C30 /* NSString+Morphing.m in Sources */ = {isa = PBXBuildFile; fileRef = D34A08081B7B74CF001B6C30 /* NSString+Morphing.m */; };
		D34A080C1B7B74CF001B6C30 /* TOMSMorphingLabel.m in Sources */ = {isa = PBXBuildFile; fileRef = D34A080A1B7B74CF001B6C30 /* TOMSMorphingLabel.m */; };
		D34A080D1B7B74E6001B6C30 /* NSString+Morphing.m in Sources */ = {isa = PBXBuildFile; fileRef = D34A08081B7B74CF001B6C30 /* NSString+Morphing.m */; };
		D34A080E1B7B74E9001B6C30 /* TOMSMorphingLabel.m in Sources */ = {isa = PBXBuildFile; fileRef = D34A080A1B7B74CF001B6C30 /* TOMSMorphingLabel.m */; };
		D36B60591B6A468C00198D8E /* OHEqualWeightLayout.m in Sources */ = {isa = PBXBuildFile; fileRef = D36B60581B6A468C00198D8E /* OHEqualWeightLayout.m */; };
		D36B605A1B6A49D600198D8E /* OHEqualWeightLayout.m in Sources */ = {isa = PBXBuildFile; fileRef = D36B60581B6A468C00198D8E /* OHEqualWeightLayout.m */; };
		D36F729F1B62EADF00C75D05 /* OHCompactActionSheetController.m in Sources */ = {isa = PBXBuildFile; fileRef = D36F729E1B62EADF00C75D05 /* OHCompactActionSheetController.m */; };
		D36F72A01B62EC4700C75D05 /* OHCompactActionSheetController.m in Sources */ = {isa = PBXBuildFile; fileRef = D36F729E1B62EADF00C75D05 /* OHCompactActionSheetController.m */; };
		D379E5151AF07D0B004D523C /* OHBaseTableViewControllerWithCollapseHeader.m in Sources */ = {isa = PBXBuildFile; fileRef = D379E5141AF07D0B004D523C /* OHBaseTableViewControllerWithCollapseHeader.m */; };
		D379E5161AF07EA7004D523C /* OHBaseTableViewControllerWithCollapseHeader.m in Sources */ = {isa = PBXBuildFile; fileRef = D379E5141AF07D0B004D523C /* OHBaseTableViewControllerWithCollapseHeader.m */; };
		D383040C1AE9F4CE003AE826 /* OHTableViewWIthCardEffectController.m in Sources */ = {isa = PBXBuildFile; fileRef = D383040B1AE9F4CE003AE826 /* OHTableViewWIthCardEffectController.m */; };
		D383040D1AE9F5B4003AE826 /* OHTableViewWIthCardEffectController.m in Sources */ = {isa = PBXBuildFile; fileRef = D383040B1AE9F4CE003AE826 /* OHTableViewWIthCardEffectController.m */; };
		D3846F8E1AF2A81200E6FF78 /* OHPagerView.m in Sources */ = {isa = PBXBuildFile; fileRef = D3846F8D1AF2A81200E6FF78 /* OHPagerView.m */; };
		D3846F8F1AF318D400E6FF78 /* OHPagerView.m in Sources */ = {isa = PBXBuildFile; fileRef = D3846F8D1AF2A81200E6FF78 /* OHPagerView.m */; };
		D38FA04B1B255A68002F5C4F /* OHSegmentedControl.m in Sources */ = {isa = PBXBuildFile; fileRef = D38FA04A1B255A68002F5C4F /* OHSegmentedControl.m */; };
		D38FA04F1B26776D002F5C4F /* OHTooltipView.m in Sources */ = {isa = PBXBuildFile; fileRef = D38FA04E1B26776D002F5C4F /* OHTooltipView.m */; };
		D38FA0501B267B2F002F5C4F /* OHTooltipView.m in Sources */ = {isa = PBXBuildFile; fileRef = D38FA04E1B26776D002F5C4F /* OHTooltipView.m */; };
		D3A3BA3F1AF433E2005F38E2 /* OHHorizontalScrollView.m in Sources */ = {isa = PBXBuildFile; fileRef = D3A3BA3E1AF433E2005F38E2 /* OHHorizontalScrollView.m */; };
		D3A3BA401AF43413005F38E2 /* OHHorizontalScrollView.m in Sources */ = {isa = PBXBuildFile; fileRef = D3A3BA3E1AF433E2005F38E2 /* OHHorizontalScrollView.m */; };
		D3A7424E1BCDAAF80057710E /* OHCircularImageView.m in Sources */ = {isa = PBXBuildFile; fileRef = D3A7424D1BCDAAF80057710E /* OHCircularImageView.m */; settings = {ASSET_TAGS = (); }; };
		D3A7424F1BCDAC910057710E /* OHCircularImageView.m in Sources */ = {isa = PBXBuildFile; fileRef = D3A7424D1BCDAAF80057710E /* OHCircularImageView.m */; settings = {ASSET_TAGS = (); }; };
		D3A742531BCEC6530057710E /* OHImagePickerController.m in Sources */ = {isa = PBXBuildFile; fileRef = D3A742521BCEC6530057710E /* OHImagePickerController.m */; settings = {ASSET_TAGS = (); }; };
		D3A742541BCEC6620057710E /* OHImagePickerController.m in Sources */ = {isa = PBXBuildFile; fileRef = D3A742521BCEC6530057710E /* OHImagePickerController.m */; settings = {ASSET_TAGS = (); }; };
		D3A7A98A1B18F88E002158DC /* OHConfettiScreen.m in Sources */ = {isa = PBXBuildFile; fileRef = D3A7A9891B18F88E002158DC /* OHConfettiScreen.m */; };
		D3A7A98B1B18F9E8002158DC /* OHConfettiScreen.m in Sources */ = {isa = PBXBuildFile; fileRef = D3A7A9891B18F88E002158DC /* OHConfettiScreen.m */; };
		D3A8BC2B1B0A672E004FF5A3 /* NSDate+Utility.m in Sources */ = {isa = PBXBuildFile; fileRef = D3A8BC2A1B0A672E004FF5A3 /* NSDate+Utility.m */; };
		D3A8BC2C1B0A67E0004FF5A3 /* NSDate+Utility.m in Sources */ = {isa = PBXBuildFile; fileRef = D3A8BC2A1B0A672E004FF5A3 /* NSDate+Utility.m */; };
		D3C0F99E1AEC7A3E00C4F7EA /* OHHamburgerButton.m in Sources */ = {isa = PBXBuildFile; fileRef = D32848161AEC273800DE7CD3 /* OHHamburgerButton.m */; };
		D3C4A84F1B7D01D300660353 /* UIImageViewWithOverlay.m in Sources */ = {isa = PBXBuildFile; fileRef = D3C4A84E1B7D01D300660353 /* UIImageViewWithOverlay.m */; };
		D3C4A8501B7D054E00660353 /* UIImageViewWithOverlay.m in Sources */ = {isa = PBXBuildFile; fileRef = D3C4A84E1B7D01D300660353 /* UIImageViewWithOverlay.m */; };
		D3E398FE1B88EFE1005D556D /* OHGradientView.m in Sources */ = {isa = PBXBuildFile; fileRef = D3E398FD1B88EFE1005D556D /* OHGradientView.m */; };
		D3E398FF1B88F0DB005D556D /* OHGradientView.m in Sources */ = {isa = PBXBuildFile; fileRef = D3E398FD1B88EFE1005D556D /* OHGradientView.m */; };
		D3E399071B8A593A005D556D /* UIView+Toast.m in Sources */ = {isa = PBXBuildFile; fileRef = D3E399061B8A593A005D556D /* UIView+Toast.m */; };
		D3E399081B8A593A005D556D /* UIView+Toast.m in Sources */ = {isa = PBXBuildFile; fileRef = D3E399061B8A593A005D556D /* UIView+Toast.m */; };
		D3FC55E11B0011890043F02A /* OHRotatingRevealAnimationController.m in Sources */ = {isa = PBXBuildFile; fileRef = D3FC55E01B0011890043F02A /* OHRotatingRevealAnimationController.m */; };
		D3FC55E21B0012DD0043F02A /* OHRotatingRevealAnimationController.m in Sources */ = {isa = PBXBuildFile; fileRef = D3FC55E01B0011890043F02A /* OHRotatingRevealAnimationController.m */; };
		D3FE00031AC50788004D4BD2 /* Images.xcassets in Resources */ = {isa = PBXBuildFile; fileRef = D3FE00021AC50788004D4BD2 /* Images.xcassets */; };
		D3FE001E1AC507E3004D4BD2 /* OHButton.m in Sources */ = {isa = PBXBuildFile; fileRef = D3FE001D1AC507E3004D4BD2 /* OHButton.m */; };
		D3FE002E1AC50AEA004D4BD2 /* QuartzCore.framework in Frameworks */ = {isa = PBXBuildFile; fileRef = D3FE002D1AC50AEA004D4BD2 /* QuartzCore.framework */; };
		D3FE00311AC50B70004D4BD2 /* CoreGraphics.framework in Frameworks */ = {isa = PBXBuildFile; fileRef = D3FE00301AC50B70004D4BD2 /* CoreGraphics.framework */; };
		D3FE00331AC50BE3004D4BD2 /* Foundation.framework in Frameworks */ = {isa = PBXBuildFile; fileRef = D3FE00321AC50BE3004D4BD2 /* Foundation.framework */; };
		D3FE00801AC50D5B004D4BD2 /* OHCircularRevealAnimationController.m in Sources */ = {isa = PBXBuildFile; fileRef = D3FE002B1AC50AB7004D4BD2 /* OHCircularRevealAnimationController.m */; };
		D3FE00811AC50D68004D4BD2 /* CoreGraphics.framework in Frameworks */ = {isa = PBXBuildFile; fileRef = D3FE00301AC50B70004D4BD2 /* CoreGraphics.framework */; };
		D3FE00821AC50D6C004D4BD2 /* Foundation.framework in Frameworks */ = {isa = PBXBuildFile; fileRef = D3FE00321AC50BE3004D4BD2 /* Foundation.framework */; };
		D3FE00831AC50D71004D4BD2 /* QuartzCore.framework in Frameworks */ = {isa = PBXBuildFile; fileRef = D3FE002D1AC50AEA004D4BD2 /* QuartzCore.framework */; };
		D3FE008C1AC5109F004D4BD2 /* OHBaseViewController.m in Sources */ = {isa = PBXBuildFile; fileRef = D3FE00271AC50A7A004D4BD2 /* OHBaseViewController.m */; };
		D3FE009B1AC5E55D004D4BD2 /* OHCircularButton.m in Sources */ = {isa = PBXBuildFile; fileRef = D3FE00911AC5DA0D004D4BD2 /* OHCircularButton.m */; };
		D3FE009C1AC5E675004D4BD2 /* UIImage+Color.m in Sources */ = {isa = PBXBuildFile; fileRef = D3FE00951AC5E02F004D4BD2 /* UIImage+Color.m */; };
		D3FEFFF81AC50788004D4BD2 /* main.m in Sources */ = {isa = PBXBuildFile; fileRef = D3FEFFF71AC50788004D4BD2 /* main.m */; };
/* End PBXBuildFile section */

/* Begin PBXContainerItemProxy section */
		D3FE00841AC50D7B004D4BD2 /* PBXContainerItemProxy */ = {
			isa = PBXContainerItemProxy;
			containerPortal = D3FEFFEA1AC50788004D4BD2 /* Project object */;
			proxyType = 1;
			remoteGlobalIDString = D3FE00671AC50D35004D4BD2;
			remoteInfo = "oneHook-library";
		};
/* End PBXContainerItemProxy section */

/* Begin PBXCopyFilesBuildPhase section */
		D3FE00661AC50D35004D4BD2 /* CopyFiles */ = {
			isa = PBXCopyFilesBuildPhase;
			buildActionMask = 2147483647;
			dstPath = "include/$(PRODUCT_NAME)";
			dstSubfolderSpec = 16;
			files = (
			);
			runOnlyForDeploymentPostprocessing = 0;
		};
/* End PBXCopyFilesBuildPhase section */

/* Begin PBXFileReference section */
		4C3EB79B1B54755C005DF938 /* OHLinearScrollView.h */ = {isa = PBXFileReference; fileEncoding = 4; lastKnownFileType = sourcecode.c.h; path = OHLinearScrollView.h; sourceTree = "<group>"; };
		4C3EB79C1B54755C005DF938 /* OHLinearScrollView.m */ = {isa = PBXFileReference; fileEncoding = 4; lastKnownFileType = sourcecode.c.objc; path = OHLinearScrollView.m; sourceTree = "<group>"; };
		4C98AA8E1B56E16A000B6D9C /* UIColor+Utility.h */ = {isa = PBXFileReference; fileEncoding = 4; lastKnownFileType = sourcecode.c.h; path = "UIColor+Utility.h"; sourceTree = "<group>"; };
		4C98AA8F1B56E16A000B6D9C /* UIColor+Utility.m */ = {isa = PBXFileReference; fileEncoding = 4; lastKnownFileType = sourcecode.c.objc; path = "UIColor+Utility.m"; sourceTree = "<group>"; };
		D300C3071BC808A5003F5050 /* OHReactiveButton.h */ = {isa = PBXFileReference; fileEncoding = 4; lastKnownFileType = sourcecode.c.h; path = OHReactiveButton.h; sourceTree = "<group>"; };
		D300C3081BC808A5003F5050 /* OHReactiveButton.m */ = {isa = PBXFileReference; fileEncoding = 4; lastKnownFileType = sourcecode.c.objc; path = OHReactiveButton.m; sourceTree = "<group>"; };
		D309EC1B1ADA454800858EF2 /* UIImageEffects.h */ = {isa = PBXFileReference; fileEncoding = 4; lastKnownFileType = sourcecode.c.h; path = UIImageEffects.h; sourceTree = "<group>"; };
		D309EC1C1ADA454800858EF2 /* UIImageEffects.m */ = {isa = PBXFileReference; fileEncoding = 4; lastKnownFileType = sourcecode.c.objc; path = UIImageEffects.m; sourceTree = "<group>"; };
		D30C945D1B7AB5EE003C05AB /* OHProgressBar.h */ = {isa = PBXFileReference; fileEncoding = 4; lastKnownFileType = sourcecode.c.h; path = OHProgressBar.h; sourceTree = "<group>"; };
		D30C945E1B7AB5EE003C05AB /* OHProgressBar.m */ = {isa = PBXFileReference; fileEncoding = 4; lastKnownFileType = sourcecode.c.objc; path = OHProgressBar.m; sourceTree = "<group>"; };
		D323D4631B122DFC00C3B0D0 /* OHButtonDemoViewController.h */ = {isa = PBXFileReference; fileEncoding = 4; lastKnownFileType = sourcecode.c.h; path = OHButtonDemoViewController.h; sourceTree = "<group>"; };
		D323D4641B122DFC00C3B0D0 /* OHButtonDemoViewController.m */ = {isa = PBXFileReference; fileEncoding = 4; lastKnownFileType = sourcecode.c.objc; path = OHButtonDemoViewController.m; sourceTree = "<group>"; };
		D32847FF1AEC1B3F00DE7CD3 /* AppDelegate.h */ = {isa = PBXFileReference; fileEncoding = 4; lastKnownFileType = sourcecode.c.h; path = AppDelegate.h; sourceTree = "<group>"; };
		D32848001AEC1B3F00DE7CD3 /* AppDelegate.m */ = {isa = PBXFileReference; fileEncoding = 4; lastKnownFileType = sourcecode.c.objc; path = AppDelegate.m; sourceTree = "<group>"; };
		D328480A1AEC1B9500DE7CD3 /* LaunchScreen.xib */ = {isa = PBXFileReference; fileEncoding = 4; lastKnownFileType = file.xib; path = LaunchScreen.xib; sourceTree = "<group>"; };
		D328480B1AEC1B9500DE7CD3 /* Main.storyboard */ = {isa = PBXFileReference; fileEncoding = 4; lastKnownFileType = file.storyboard; path = Main.storyboard; sourceTree = "<group>"; };
		D328480E1AEC209900DE7CD3 /* OHHambugerButtonDemo.h */ = {isa = PBXFileReference; fileEncoding = 4; lastKnownFileType = sourcecode.c.h; path = OHHambugerButtonDemo.h; sourceTree = "<group>"; };
		D328480F1AEC209900DE7CD3 /* OHHambugerButtonDemo.m */ = {isa = PBXFileReference; fileEncoding = 4; lastKnownFileType = sourcecode.c.objc; path = OHHambugerButtonDemo.m; sourceTree = "<group>"; };
		D32848151AEC273800DE7CD3 /* OHHamburgerButton.h */ = {isa = PBXFileReference; fileEncoding = 4; lastKnownFileType = sourcecode.c.h; path = OHHamburgerButton.h; sourceTree = "<group>"; };
		D32848161AEC273800DE7CD3 /* OHHamburgerButton.m */ = {isa = PBXFileReference; fileEncoding = 4; lastKnownFileType = sourcecode.c.objc; path = OHHamburgerButton.m; sourceTree = "<group>"; };
		D33BA5F31ADA2D9000DF885A /* OHCommonDimensions.h */ = {isa = PBXFileReference; lastKnownFileType = sourcecode.c.h; path = OHCommonDimensions.h; sourceTree = "<group>"; };
		D34A08071B7B74CF001B6C30 /* NSString+Morphing.h */ = {isa = PBXFileReference; fileEncoding = 4; lastKnownFileType = sourcecode.c.h; path = "NSString+Morphing.h"; sourceTree = "<group>"; };
		D34A08081B7B74CF001B6C30 /* NSString+Morphing.m */ = {isa = PBXFileReference; fileEncoding = 4; lastKnownFileType = sourcecode.c.objc; path = "NSString+Morphing.m"; sourceTree = "<group>"; };
		D34A08091B7B74CF001B6C30 /* TOMSMorphingLabel.h */ = {isa = PBXFileReference; fileEncoding = 4; lastKnownFileType = sourcecode.c.h; path = TOMSMorphingLabel.h; sourceTree = "<group>"; };
		D34A080A1B7B74CF001B6C30 /* TOMSMorphingLabel.m */ = {isa = PBXFileReference; fileEncoding = 4; lastKnownFileType = sourcecode.c.objc; path = TOMSMorphingLabel.m; sourceTree = "<group>"; };
		D36B60571B6A468C00198D8E /* OHEqualWeightLayout.h */ = {isa = PBXFileReference; fileEncoding = 4; lastKnownFileType = sourcecode.c.h; path = OHEqualWeightLayout.h; sourceTree = "<group>"; };
		D36B60581B6A468C00198D8E /* OHEqualWeightLayout.m */ = {isa = PBXFileReference; fileEncoding = 4; lastKnownFileType = sourcecode.c.objc; path = OHEqualWeightLayout.m; sourceTree = "<group>"; };
		D36F729D1B62EADF00C75D05 /* OHCompactActionSheetController.h */ = {isa = PBXFileReference; fileEncoding = 4; lastKnownFileType = sourcecode.c.h; path = OHCompactActionSheetController.h; sourceTree = "<group>"; };
		D36F729E1B62EADF00C75D05 /* OHCompactActionSheetController.m */ = {isa = PBXFileReference; fileEncoding = 4; lastKnownFileType = sourcecode.c.objc; path = OHCompactActionSheetController.m; sourceTree = "<group>"; };
		D379E5131AF07D0B004D523C /* OHBaseTableViewControllerWithCollapseHeader.h */ = {isa = PBXFileReference; fileEncoding = 4; lastKnownFileType = sourcecode.c.h; path = OHBaseTableViewControllerWithCollapseHeader.h; sourceTree = "<group>"; };
		D379E5141AF07D0B004D523C /* OHBaseTableViewControllerWithCollapseHeader.m */ = {isa = PBXFileReference; fileEncoding = 4; lastKnownFileType = sourcecode.c.objc; path = OHBaseTableViewControllerWithCollapseHeader.m; sourceTree = "<group>"; };
		D383040A1AE9F4CE003AE826 /* OHTableViewWIthCardEffectController.h */ = {isa = PBXFileReference; fileEncoding = 4; lastKnownFileType = sourcecode.c.h; path = OHTableViewWIthCardEffectController.h; sourceTree = "<group>"; };
		D383040B1AE9F4CE003AE826 /* OHTableViewWIthCardEffectController.m */ = {isa = PBXFileReference; fileEncoding = 4; lastKnownFileType = sourcecode.c.objc; path = OHTableViewWIthCardEffectController.m; sourceTree = "<group>"; };
		D3846F8C1AF2A81200E6FF78 /* OHPagerView.h */ = {isa = PBXFileReference; fileEncoding = 4; lastKnownFileType = sourcecode.c.h; path = OHPagerView.h; sourceTree = "<group>"; };
		D3846F8D1AF2A81200E6FF78 /* OHPagerView.m */ = {isa = PBXFileReference; fileEncoding = 4; lastKnownFileType = sourcecode.c.objc; path = OHPagerView.m; sourceTree = "<group>"; };
		D38FA0491B255A68002F5C4F /* OHSegmentedControl.h */ = {isa = PBXFileReference; fileEncoding = 4; lastKnownFileType = sourcecode.c.h; path = OHSegmentedControl.h; sourceTree = "<group>"; };
		D38FA04A1B255A68002F5C4F /* OHSegmentedControl.m */ = {isa = PBXFileReference; fileEncoding = 4; lastKnownFileType = sourcecode.c.objc; path = OHSegmentedControl.m; sourceTree = "<group>"; };
		D38FA04D1B26776D002F5C4F /* OHTooltipView.h */ = {isa = PBXFileReference; fileEncoding = 4; lastKnownFileType = sourcecode.c.h; path = OHTooltipView.h; sourceTree = "<group>"; };
		D38FA04E1B26776D002F5C4F /* OHTooltipView.m */ = {isa = PBXFileReference; fileEncoding = 4; lastKnownFileType = sourcecode.c.objc; path = OHTooltipView.m; sourceTree = "<group>"; };
		D3A3BA3D1AF433E2005F38E2 /* OHHorizontalScrollView.h */ = {isa = PBXFileReference; fileEncoding = 4; lastKnownFileType = sourcecode.c.h; path = OHHorizontalScrollView.h; sourceTree = "<group>"; };
		D3A3BA3E1AF433E2005F38E2 /* OHHorizontalScrollView.m */ = {isa = PBXFileReference; fileEncoding = 4; lastKnownFileType = sourcecode.c.objc; path = OHHorizontalScrollView.m; sourceTree = "<group>"; };
		D3A7424C1BCDAAF80057710E /* OHCircularImageView.h */ = {isa = PBXFileReference; fileEncoding = 4; lastKnownFileType = sourcecode.c.h; path = OHCircularImageView.h; sourceTree = "<group>"; };
		D3A7424D1BCDAAF80057710E /* OHCircularImageView.m */ = {isa = PBXFileReference; fileEncoding = 4; lastKnownFileType = sourcecode.c.objc; path = OHCircularImageView.m; sourceTree = "<group>"; };
		D3A742511BCEC6530057710E /* OHImagePickerController.h */ = {isa = PBXFileReference; fileEncoding = 4; lastKnownFileType = sourcecode.c.h; path = OHImagePickerController.h; sourceTree = "<group>"; };
		D3A742521BCEC6530057710E /* OHImagePickerController.m */ = {isa = PBXFileReference; fileEncoding = 4; lastKnownFileType = sourcecode.c.objc; path = OHImagePickerController.m; sourceTree = "<group>"; };
		D3A7A9881B18F88E002158DC /* OHConfettiScreen.h */ = {isa = PBXFileReference; fileEncoding = 4; lastKnownFileType = sourcecode.c.h; path = OHConfettiScreen.h; sourceTree = "<group>"; };
		D3A7A9891B18F88E002158DC /* OHConfettiScreen.m */ = {isa = PBXFileReference; fileEncoding = 4; lastKnownFileType = sourcecode.c.objc; path = OHConfettiScreen.m; sourceTree = "<group>"; };
		D3A8BC291B0A672E004FF5A3 /* NSDate+Utility.h */ = {isa = PBXFileReference; fileEncoding = 4; lastKnownFileType = sourcecode.c.h; path = "NSDate+Utility.h"; sourceTree = "<group>"; };
		D3A8BC2A1B0A672E004FF5A3 /* NSDate+Utility.m */ = {isa = PBXFileReference; fileEncoding = 4; lastKnownFileType = sourcecode.c.objc; path = "NSDate+Utility.m"; sourceTree = "<group>"; };
		D3C4A84D1B7D01D300660353 /* UIImageViewWithOverlay.h */ = {isa = PBXFileReference; fileEncoding = 4; lastKnownFileType = sourcecode.c.h; path = UIImageViewWithOverlay.h; sourceTree = "<group>"; };
		D3C4A84E1B7D01D300660353 /* UIImageViewWithOverlay.m */ = {isa = PBXFileReference; fileEncoding = 4; lastKnownFileType = sourcecode.c.objc; path = UIImageViewWithOverlay.m; sourceTree = "<group>"; };
		D3E398FC1B88EFE1005D556D /* OHGradientView.h */ = {isa = PBXFileReference; fileEncoding = 4; lastKnownFileType = sourcecode.c.h; path = OHGradientView.h; sourceTree = "<group>"; };
		D3E398FD1B88EFE1005D556D /* OHGradientView.m */ = {isa = PBXFileReference; fileEncoding = 4; lastKnownFileType = sourcecode.c.objc; path = OHGradientView.m; sourceTree = "<group>"; };
		D3E399051B8A593A005D556D /* UIView+Toast.h */ = {isa = PBXFileReference; fileEncoding = 4; lastKnownFileType = sourcecode.c.h; path = "UIView+Toast.h"; sourceTree = "<group>"; };
		D3E399061B8A593A005D556D /* UIView+Toast.m */ = {isa = PBXFileReference; fileEncoding = 4; lastKnownFileType = sourcecode.c.objc; path = "UIView+Toast.m"; sourceTree = "<group>"; };
		D3FC55DF1B0011890043F02A /* OHRotatingRevealAnimationController.h */ = {isa = PBXFileReference; fileEncoding = 4; lastKnownFileType = sourcecode.c.h; path = OHRotatingRevealAnimationController.h; sourceTree = "<group>"; };
		D3FC55E01B0011890043F02A /* OHRotatingRevealAnimationController.m */ = {isa = PBXFileReference; fileEncoding = 4; lastKnownFileType = sourcecode.c.objc; path = OHRotatingRevealAnimationController.m; sourceTree = "<group>"; };
		D3FE00021AC50788004D4BD2 /* Images.xcassets */ = {isa = PBXFileReference; lastKnownFileType = folder.assetcatalog; name = Images.xcassets; path = ../Images.xcassets; sourceTree = "<group>"; };
		D3FE001C1AC507E3004D4BD2 /* OHButton.h */ = {isa = PBXFileReference; fileEncoding = 4; lastKnownFileType = sourcecode.c.h; path = OHButton.h; sourceTree = "<group>"; };
		D3FE001D1AC507E3004D4BD2 /* OHButton.m */ = {isa = PBXFileReference; fileEncoding = 4; lastKnownFileType = sourcecode.c.objc; path = OHButton.m; sourceTree = "<group>"; };
		D3FE00261AC50A7A004D4BD2 /* OHBaseViewController.h */ = {isa = PBXFileReference; fileEncoding = 4; lastKnownFileType = sourcecode.c.h; path = OHBaseViewController.h; sourceTree = "<group>"; };
		D3FE00271AC50A7A004D4BD2 /* OHBaseViewController.m */ = {isa = PBXFileReference; fileEncoding = 4; lastKnownFileType = sourcecode.c.objc; path = OHBaseViewController.m; sourceTree = "<group>"; };
		D3FE002A1AC50AB7004D4BD2 /* OHCircularRevealAnimationController.h */ = {isa = PBXFileReference; fileEncoding = 4; lastKnownFileType = sourcecode.c.h; path = OHCircularRevealAnimationController.h; sourceTree = "<group>"; };
		D3FE002B1AC50AB7004D4BD2 /* OHCircularRevealAnimationController.m */ = {isa = PBXFileReference; fileEncoding = 4; lastKnownFileType = sourcecode.c.objc; path = OHCircularRevealAnimationController.m; sourceTree = "<group>"; };
		D3FE002D1AC50AEA004D4BD2 /* QuartzCore.framework */ = {isa = PBXFileReference; lastKnownFileType = wrapper.framework; name = QuartzCore.framework; path = System/Library/Frameworks/QuartzCore.framework; sourceTree = SDKROOT; };
		D3FE00301AC50B70004D4BD2 /* CoreGraphics.framework */ = {isa = PBXFileReference; lastKnownFileType = wrapper.framework; name = CoreGraphics.framework; path = System/Library/Frameworks/CoreGraphics.framework; sourceTree = SDKROOT; };
		D3FE00321AC50BE3004D4BD2 /* Foundation.framework */ = {isa = PBXFileReference; lastKnownFileType = wrapper.framework; name = Foundation.framework; path = System/Library/Frameworks/Foundation.framework; sourceTree = SDKROOT; };
		D3FE00681AC50D35004D4BD2 /* liboneHook-library.a */ = {isa = PBXFileReference; explicitFileType = archive.ar; includeInIndex = 0; path = "liboneHook-library.a"; sourceTree = BUILT_PRODUCTS_DIR; };
		D3FE00891AC50E9C004D4BD2 /* OneHookFoundation.h */ = {isa = PBXFileReference; lastKnownFileType = sourcecode.c.h; path = OneHookFoundation.h; sourceTree = "<group>"; };
		D3FE008A1AC50F0F004D4BD2 /* OHAnimation.h */ = {isa = PBXFileReference; lastKnownFileType = sourcecode.c.h; path = OHAnimation.h; sourceTree = "<group>"; };
		D3FE008B1AC50F8F004D4BD2 /* OHMacros.h */ = {isa = PBXFileReference; lastKnownFileType = sourcecode.c.h; path = OHMacros.h; sourceTree = "<group>"; };
		D3FE00901AC5DA0D004D4BD2 /* OHCircularButton.h */ = {isa = PBXFileReference; fileEncoding = 4; lastKnownFileType = sourcecode.c.h; path = OHCircularButton.h; sourceTree = "<group>"; };
		D3FE00911AC5DA0D004D4BD2 /* OHCircularButton.m */ = {isa = PBXFileReference; fileEncoding = 4; lastKnownFileType = sourcecode.c.objc; path = OHCircularButton.m; sourceTree = "<group>"; };
		D3FE00941AC5E02F004D4BD2 /* UIImage+Color.h */ = {isa = PBXFileReference; fileEncoding = 4; lastKnownFileType = sourcecode.c.h; path = "UIImage+Color.h"; sourceTree = "<group>"; };
		D3FE00951AC5E02F004D4BD2 /* UIImage+Color.m */ = {isa = PBXFileReference; fileEncoding = 4; lastKnownFileType = sourcecode.c.objc; path = "UIImage+Color.m"; sourceTree = "<group>"; };
		D3FE00971AC5E0A0004D4BD2 /* OHColor.h */ = {isa = PBXFileReference; lastKnownFileType = sourcecode.c.h; path = OHColor.h; sourceTree = "<group>"; };
		D3FEFFF21AC50788004D4BD2 /* oneHookLibrary.app */ = {isa = PBXFileReference; explicitFileType = wrapper.application; includeInIndex = 0; path = oneHookLibrary.app; sourceTree = BUILT_PRODUCTS_DIR; };
		D3FEFFF61AC50788004D4BD2 /* Info.plist */ = {isa = PBXFileReference; lastKnownFileType = text.plist.xml; path = Info.plist; sourceTree = "<group>"; };
		D3FEFFF71AC50788004D4BD2 /* main.m */ = {isa = PBXFileReference; lastKnownFileType = sourcecode.c.objc; path = main.m; sourceTree = "<group>"; };
/* End PBXFileReference section */

/* Begin PBXFrameworksBuildPhase section */
		D3FE00651AC50D35004D4BD2 /* Frameworks */ = {
			isa = PBXFrameworksBuildPhase;
			buildActionMask = 2147483647;
			files = (
				D3FE00831AC50D71004D4BD2 /* QuartzCore.framework in Frameworks */,
				D3FE00821AC50D6C004D4BD2 /* Foundation.framework in Frameworks */,
				D3FE00811AC50D68004D4BD2 /* CoreGraphics.framework in Frameworks */,
			);
			runOnlyForDeploymentPostprocessing = 0;
		};
		D3FEFFEF1AC50788004D4BD2 /* Frameworks */ = {
			isa = PBXFrameworksBuildPhase;
			buildActionMask = 2147483647;
			files = (
				D3FE00331AC50BE3004D4BD2 /* Foundation.framework in Frameworks */,
				D3FE00311AC50B70004D4BD2 /* CoreGraphics.framework in Frameworks */,
				D3FE002E1AC50AEA004D4BD2 /* QuartzCore.framework in Frameworks */,
			);
			runOnlyForDeploymentPostprocessing = 0;
		};
/* End PBXFrameworksBuildPhase section */

/* Begin PBXGroup section */
		D309EC191ADA454800858EF2 /* Utility */ = {
			isa = PBXGroup;
			children = (
				D3A742501BCEC6470057710E /* ImagePicker */,
				D3A8BC241B0A6657004FF5A3 /* Date */,
				D309EC1A1ADA454800858EF2 /* Graphics */,
			);
			path = Utility;
			sourceTree = "<group>";
		};
		D309EC1A1ADA454800858EF2 /* Graphics */ = {
			isa = PBXGroup;
			children = (
				D309EC1B1ADA454800858EF2 /* UIImageEffects.h */,
				D309EC1C1ADA454800858EF2 /* UIImageEffects.m */,
				4C98AA8E1B56E16A000B6D9C /* UIColor+Utility.h */,
				4C98AA8F1B56E16A000B6D9C /* UIColor+Utility.m */,
			);
			path = Graphics;
			sourceTree = "<group>";
		};
		D32848091AEC1B9400DE7CD3 /* ViewControllers */ = {
			isa = PBXGroup;
			children = (
				D328480A1AEC1B9500DE7CD3 /* LaunchScreen.xib */,
				D328480B1AEC1B9500DE7CD3 /* Main.storyboard */,
				D328480E1AEC209900DE7CD3 /* OHHambugerButtonDemo.h */,
				D328480F1AEC209900DE7CD3 /* OHHambugerButtonDemo.m */,
				D323D4631B122DFC00C3B0D0 /* OHButtonDemoViewController.h */,
				D323D4641B122DFC00C3B0D0 /* OHButtonDemoViewController.m */,
			);
			path = ViewControllers;
			sourceTree = "<group>";
		};
		D32848141AEC272D00DE7CD3 /* HamburgerButton */ = {
			isa = PBXGroup;
			children = (
				D32848151AEC273800DE7CD3 /* OHHamburgerButton.h */,
				D32848161AEC273800DE7CD3 /* OHHamburgerButton.m */,
			);
			path = HamburgerButton;
			sourceTree = "<group>";
		};
		D34A08051B7B74CF001B6C30 /* Thirdparty */ = {
			isa = PBXGroup;
			children = (
				D3E399051B8A593A005D556D /* UIView+Toast.h */,
				D3E399061B8A593A005D556D /* UIView+Toast.m */,
				D34A08061B7B74CF001B6C30 /* TOMSMorphingLabel */,
			);
			path = Thirdparty;
			sourceTree = "<group>";
		};
		D34A08061B7B74CF001B6C30 /* TOMSMorphingLabel */ = {
			isa = PBXGroup;
			children = (
				D34A08071B7B74CF001B6C30 /* NSString+Morphing.h */,
				D34A08081B7B74CF001B6C30 /* NSString+Morphing.m */,
				D34A08091B7B74CF001B6C30 /* TOMSMorphingLabel.h */,
				D34A080A1B7B74CF001B6C30 /* TOMSMorphingLabel.m */,
			);
			path = TOMSMorphingLabel;
			sourceTree = "<group>";
		};
		D36F729C1B62EAC200C75D05 /* CompactActionSheet */ = {
			isa = PBXGroup;
			children = (
				D36F729D1B62EADF00C75D05 /* OHCompactActionSheetController.h */,
				D36F729E1B62EADF00C75D05 /* OHCompactActionSheetController.m */,
			);
			path = CompactActionSheet;
			sourceTree = "<group>";
		};
		D38304091AE9F4B6003AE826 /* TableViewEffect */ = {
			isa = PBXGroup;
			children = (
				D383040A1AE9F4CE003AE826 /* OHTableViewWIthCardEffectController.h */,
				D383040B1AE9F4CE003AE826 /* OHTableViewWIthCardEffectController.m */,
			);
			path = TableViewEffect;
			sourceTree = "<group>";
		};
		D3846F8B1AF2A80200E6FF78 /* ViewPager */ = {
			isa = PBXGroup;
			children = (
				D3846F8C1AF2A81200E6FF78 /* OHPagerView.h */,
				D3846F8D1AF2A81200E6FF78 /* OHPagerView.m */,
				D3A3BA3D1AF433E2005F38E2 /* OHHorizontalScrollView.h */,
				D3A3BA3E1AF433E2005F38E2 /* OHHorizontalScrollView.m */,
			);
			path = ViewPager;
			sourceTree = "<group>";
		};
		D38FA04C1B26775F002F5C4F /* Tooltip */ = {
			isa = PBXGroup;
			children = (
				D38FA04D1B26776D002F5C4F /* OHTooltipView.h */,
				D38FA04E1B26776D002F5C4F /* OHTooltipView.m */,
			);
			path = Tooltip;
			sourceTree = "<group>";
		};
		D3A742501BCEC6470057710E /* ImagePicker */ = {
			isa = PBXGroup;
			children = (
				D3A742511BCEC6530057710E /* OHImagePickerController.h */,
				D3A742521BCEC6530057710E /* OHImagePickerController.m */,
			);
			path = ImagePicker;
			sourceTree = "<group>";
		};
		D3A7A9871B18F88E002158DC /* Screens */ = {
			isa = PBXGroup;
			children = (
				D3A7A9881B18F88E002158DC /* OHConfettiScreen.h */,
				D3A7A9891B18F88E002158DC /* OHConfettiScreen.m */,
			);
			path = Screens;
			sourceTree = "<group>";
		};
		D3A8BC241B0A6657004FF5A3 /* Date */ = {
			isa = PBXGroup;
			children = (
				D3A8BC291B0A672E004FF5A3 /* NSDate+Utility.h */,
				D3A8BC2A1B0A672E004FF5A3 /* NSDate+Utility.m */,
			);
			path = Date;
			sourceTree = "<group>";
		};
		D3FE001B1AC507D7004D4BD2 /* Views */ = {
			isa = PBXGroup;
			children = (
				D38FA04C1B26775F002F5C4F /* Tooltip */,
				D3A7A9871B18F88E002158DC /* Screens */,
				D32848141AEC272D00DE7CD3 /* HamburgerButton */,
				D3FE00931AC5E020004D4BD2 /* View+ */,
				D3FE001C1AC507E3004D4BD2 /* OHButton.h */,
				D3FE001D1AC507E3004D4BD2 /* OHButton.m */,
				D3FE00901AC5DA0D004D4BD2 /* OHCircularButton.h */,
				D3FE00911AC5DA0D004D4BD2 /* OHCircularButton.m */,
				D38FA0491B255A68002F5C4F /* OHSegmentedControl.h */,
				D38FA04A1B255A68002F5C4F /* OHSegmentedControl.m */,
				4C3EB79B1B54755C005DF938 /* OHLinearScrollView.h */,
				4C3EB79C1B54755C005DF938 /* OHLinearScrollView.m */,
				D36B60571B6A468C00198D8E /* OHEqualWeightLayout.h */,
				D36B60581B6A468C00198D8E /* OHEqualWeightLayout.m */,
				D30C945D1B7AB5EE003C05AB /* OHProgressBar.h */,
				D30C945E1B7AB5EE003C05AB /* OHProgressBar.m */,
				D3C4A84D1B7D01D300660353 /* UIImageViewWithOverlay.h */,
				D3C4A84E1B7D01D300660353 /* UIImageViewWithOverlay.m */,
				D3E398FC1B88EFE1005D556D /* OHGradientView.h */,
				D3E398FD1B88EFE1005D556D /* OHGradientView.m */,
				D300C3071BC808A5003F5050 /* OHReactiveButton.h */,
				D300C3081BC808A5003F5050 /* OHReactiveButton.m */,
				D3A7424C1BCDAAF80057710E /* OHCircularImageView.h */,
				D3A7424D1BCDAAF80057710E /* OHCircularImageView.m */,
			);
			path = Views;
			sourceTree = "<group>";
		};
		D3FE001F1AC50889004D4BD2 /* Demo */ = {
			isa = PBXGroup;
			children = (
				D32848091AEC1B9400DE7CD3 /* ViewControllers */,
				D32847FF1AEC1B3F00DE7CD3 /* AppDelegate.h */,
				D32848001AEC1B3F00DE7CD3 /* AppDelegate.m */,
				D3FE00021AC50788004D4BD2 /* Images.xcassets */,
			);
			path = Demo;
			sourceTree = "<group>";
		};
		D3FE00201AC50A13004D4BD2 /* Animations */ = {
			isa = PBXGroup;
			children = (
				D38304091AE9F4B6003AE826 /* TableViewEffect */,
				D3FE00291AC50AA2004D4BD2 /* Animator */,
			);
			path = Animations;
			sourceTree = "<group>";
		};
		D3FE00211AC50A21004D4BD2 /* ViewControllers */ = {
			isa = PBXGroup;
			children = (
				D36F729C1B62EAC200C75D05 /* CompactActionSheet */,
				D3846F8B1AF2A80200E6FF78 /* ViewPager */,
				D3FE00251AC50A70004D4BD2 /* Base */,
			);
			path = ViewControllers;
			sourceTree = "<group>";
		};
		D3FE00251AC50A70004D4BD2 /* Base */ = {
			isa = PBXGroup;
			children = (
				D3FE00261AC50A7A004D4BD2 /* OHBaseViewController.h */,
				D3FE00271AC50A7A004D4BD2 /* OHBaseViewController.m */,
				D379E5131AF07D0B004D523C /* OHBaseTableViewControllerWithCollapseHeader.h */,
				D379E5141AF07D0B004D523C /* OHBaseTableViewControllerWithCollapseHeader.m */,
			);
			path = Base;
			sourceTree = "<group>";
		};
		D3FE00291AC50AA2004D4BD2 /* Animator */ = {
			isa = PBXGroup;
			children = (
				D3FE002A1AC50AB7004D4BD2 /* OHCircularRevealAnimationController.h */,
				D3FE002B1AC50AB7004D4BD2 /* OHCircularRevealAnimationController.m */,
				D3FC55DF1B0011890043F02A /* OHRotatingRevealAnimationController.h */,
				D3FC55E01B0011890043F02A /* OHRotatingRevealAnimationController.m */,
			);
			path = Animator;
			sourceTree = "<group>";
		};
		D3FE002F1AC50B06004D4BD2 /* Frameworks */ = {
			isa = PBXGroup;
			children = (
				D3FE00321AC50BE3004D4BD2 /* Foundation.framework */,
				D3FE00301AC50B70004D4BD2 /* CoreGraphics.framework */,
				D3FE002D1AC50AEA004D4BD2 /* QuartzCore.framework */,
			);
			name = Frameworks;
			sourceTree = "<group>";
		};
		D3FE00881AC50E79004D4BD2 /* Headers */ = {
			isa = PBXGroup;
			children = (
				D3FE00891AC50E9C004D4BD2 /* OneHookFoundation.h */,
				D3FE008A1AC50F0F004D4BD2 /* OHAnimation.h */,
				D3FE008B1AC50F8F004D4BD2 /* OHMacros.h */,
				D3FE00971AC5E0A0004D4BD2 /* OHColor.h */,
				D33BA5F31ADA2D9000DF885A /* OHCommonDimensions.h */,
			);
			path = Headers;
			sourceTree = "<group>";
		};
		D3FE00931AC5E020004D4BD2 /* View+ */ = {
			isa = PBXGroup;
			children = (
				D3FE00941AC5E02F004D4BD2 /* UIImage+Color.h */,
				D3FE00951AC5E02F004D4BD2 /* UIImage+Color.m */,
			);
			path = "View+";
			sourceTree = "<group>";
		};
		D3FEFFE91AC50788004D4BD2 = {
			isa = PBXGroup;
			children = (
				D3FEFFF41AC50788004D4BD2 /* oneHookLibrary */,
				D3FEFFF31AC50788004D4BD2 /* Products */,
				D3FE002F1AC50B06004D4BD2 /* Frameworks */,
			);
			sourceTree = "<group>";
		};
		D3FEFFF31AC50788004D4BD2 /* Products */ = {
			isa = PBXGroup;
			children = (
				D3FEFFF21AC50788004D4BD2 /* oneHookLibrary.app */,
				D3FE00681AC50D35004D4BD2 /* liboneHook-library.a */,
			);
			name = Products;
			sourceTree = "<group>";
		};
		D3FEFFF41AC50788004D4BD2 /* oneHookLibrary */ = {
			isa = PBXGroup;
			children = (
				D34A08051B7B74CF001B6C30 /* Thirdparty */,
				D309EC191ADA454800858EF2 /* Utility */,
				D3FE00881AC50E79004D4BD2 /* Headers */,
				D3FE00211AC50A21004D4BD2 /* ViewControllers */,
				D3FE001B1AC507D7004D4BD2 /* Views */,
				D3FE00201AC50A13004D4BD2 /* Animations */,
				D3FE001F1AC50889004D4BD2 /* Demo */,
				D3FEFFF51AC50788004D4BD2 /* Supporting Files */,
			);
			path = oneHookLibrary;
			sourceTree = "<group>";
		};
		D3FEFFF51AC50788004D4BD2 /* Supporting Files */ = {
			isa = PBXGroup;
			children = (
				D3FEFFF61AC50788004D4BD2 /* Info.plist */,
				D3FEFFF71AC50788004D4BD2 /* main.m */,
			);
			name = "Supporting Files";
			sourceTree = "<group>";
		};
/* End PBXGroup section */

/* Begin PBXNativeTarget section */
		D3FE00671AC50D35004D4BD2 /* oneHook-library */ = {
			isa = PBXNativeTarget;
			buildConfigurationList = D3FE00791AC50D35004D4BD2 /* Build configuration list for PBXNativeTarget "oneHook-library" */;
			buildPhases = (
				D3FE00641AC50D35004D4BD2 /* Sources */,
				D3FE00651AC50D35004D4BD2 /* Frameworks */,
				D3FE00661AC50D35004D4BD2 /* CopyFiles */,
			);
			buildRules = (
			);
			dependencies = (
			);
			name = "oneHook-library";
			productName = "oneHook-library";
			productReference = D3FE00681AC50D35004D4BD2 /* liboneHook-library.a */;
			productType = "com.apple.product-type.library.static";
		};
		D3FEFFF11AC50788004D4BD2 /* oneHookLibrary */ = {
			isa = PBXNativeTarget;
			buildConfigurationList = D3FE00151AC50788004D4BD2 /* Build configuration list for PBXNativeTarget "oneHookLibrary" */;
			buildPhases = (
				D3FEFFEE1AC50788004D4BD2 /* Sources */,
				D3FEFFEF1AC50788004D4BD2 /* Frameworks */,
				D3FEFFF01AC50788004D4BD2 /* Resources */,
			);
			buildRules = (
			);
			dependencies = (
				D3FE00851AC50D7B004D4BD2 /* PBXTargetDependency */,
			);
			name = oneHookLibrary;
			productName = oneHookLibrary;
			productReference = D3FEFFF21AC50788004D4BD2 /* oneHookLibrary.app */;
			productType = "com.apple.product-type.application";
		};
/* End PBXNativeTarget section */

/* Begin PBXProject section */
		D3FEFFEA1AC50788004D4BD2 /* Project object */ = {
			isa = PBXProject;
			attributes = {
				LastUpgradeCheck = 0620;
				ORGANIZATIONNAME = "oneHook inc";
				TargetAttributes = {
					D3FE00671AC50D35004D4BD2 = {
						CreatedOnToolsVersion = 6.2;
					};
					D3FEFFF11AC50788004D4BD2 = {
						CreatedOnToolsVersion = 6.2;
					};
				};
			};
			buildConfigurationList = D3FEFFED1AC50788004D4BD2 /* Build configuration list for PBXProject "oneHookLibrary" */;
			compatibilityVersion = "Xcode 3.2";
			developmentRegion = English;
			hasScannedForEncodings = 0;
			knownRegions = (
				en,
				Base,
			);
			mainGroup = D3FEFFE91AC50788004D4BD2;
			productRefGroup = D3FEFFF31AC50788004D4BD2 /* Products */;
			projectDirPath = "";
			projectRoot = "";
			targets = (
				D3FEFFF11AC50788004D4BD2 /* oneHookLibrary */,
				D3FE00671AC50D35004D4BD2 /* oneHook-library */,
			);
		};
/* End PBXProject section */

/* Begin PBXResourcesBuildPhase section */
		D3FEFFF01AC50788004D4BD2 /* Resources */ = {
			isa = PBXResourcesBuildPhase;
			buildActionMask = 2147483647;
			files = (
				D328480D1AEC1B9500DE7CD3 /* Main.storyboard in Resources */,
				D328480C1AEC1B9500DE7CD3 /* LaunchScreen.xib in Resources */,
				D3FE00031AC50788004D4BD2 /* Images.xcassets in Resources */,
			);
			runOnlyForDeploymentPostprocessing = 0;
		};
/* End PBXResourcesBuildPhase section */

/* Begin PBXSourcesBuildPhase section */
		D3FE00641AC50D35004D4BD2 /* Sources */ = {
			isa = PBXSourcesBuildPhase;
			buildActionMask = 2147483647;
			files = (
				D3846F8F1AF318D400E6FF78 /* OHPagerView.m in Sources */,
				D3A8BC2C1B0A67E0004FF5A3 /* NSDate+Utility.m in Sources */,
				D38FA0501B267B2F002F5C4F /* OHTooltipView.m in Sources */,
				D3E399081B8A593A005D556D /* UIView+Toast.m in Sources */,
				D3A742541BCEC6620057710E /* OHImagePickerController.m in Sources */,
				D3E398FF1B88F0DB005D556D /* OHGradientView.m in Sources */,
				D3FE008C1AC5109F004D4BD2 /* OHBaseViewController.m in Sources */,
				D323D4621B122DD900C3B0D0 /* OHButton.m in Sources */,
				D3FC55E21B0012DD0043F02A /* OHRotatingRevealAnimationController.m in Sources */,
				D36B605A1B6A49D600198D8E /* OHEqualWeightLayout.m in Sources */,
				D3A3BA401AF43413005F38E2 /* OHHorizontalScrollView.m in Sources */,
				D379E5161AF07EA7004D523C /* OHBaseTableViewControllerWithCollapseHeader.m in Sources */,
				D34A080E1B7B74E9001B6C30 /* TOMSMorphingLabel.m in Sources */,
				D3A7424F1BCDAC910057710E /* OHCircularImageView.m in Sources */,
				D36F72A01B62EC4700C75D05 /* OHCompactActionSheetController.m in Sources */,
				D300C30A1BC80E5D003F5050 /* OHReactiveButton.m in Sources */,
				4C98AA911B56E98A000B6D9C /* UIColor+Utility.m in Sources */,
				D3FE009C1AC5E675004D4BD2 /* UIImage+Color.m in Sources */,
				D3A7A98B1B18F9E8002158DC /* OHConfettiScreen.m in Sources */,
				D3C0F99E1AEC7A3E00C4F7EA /* OHHamburgerButton.m in Sources */,
				4C3EB79E1B547A96005DF938 /* OHLinearScrollView.m in Sources */,
				D383040D1AE9F5B4003AE826 /* OHTableViewWIthCardEffectController.m in Sources */,
				D3C4A8501B7D054E00660353 /* UIImageViewWithOverlay.m in Sources */,
				D3FE009B1AC5E55D004D4BD2 /* OHCircularButton.m in Sources */,
				D309EC1E1ADA455F00858EF2 /* UIImageEffects.m in Sources */,
				D34A080D1B7B74E6001B6C30 /* NSString+Morphing.m in Sources */,
				D3FE00801AC50D5B004D4BD2 /* OHCircularRevealAnimationController.m in Sources */,
				D30C94601B7ABAFD003C05AB /* OHProgressBar.m in Sources */,
			);
			runOnlyForDeploymentPostprocessing = 0;
		};
		D3FEFFEE1AC50788004D4BD2 /* Sources */ = {
			isa = PBXSourcesBuildPhase;
			buildActionMask = 2147483647;
			files = (
				D3846F8E1AF2A81200E6FF78 /* OHPagerView.m in Sources */,
				D36B60591B6A468C00198D8E /* OHEqualWeightLayout.m in Sources */,
				D323D4601B12278F00C3B0D0 /* OHCircularButton.m in Sources */,
				D3C4A84F1B7D01D300660353 /* UIImageViewWithOverlay.m in Sources */,
				D3E399071B8A593A005D556D /* UIView+Toast.m in Sources */,
				D34A080C1B7B74CF001B6C30 /* TOMSMorphingLabel.m in Sources */,
				D3A8BC2B1B0A672E004FF5A3 /* NSDate+Utility.m in Sources */,
				D3E398FE1B88EFE1005D556D /* OHGradientView.m in Sources */,
				D3FE001E1AC507E3004D4BD2 /* OHButton.m in Sources */,
				4C98AA901B56E16A000B6D9C /* UIColor+Utility.m in Sources */,
				D3A7A98A1B18F88E002158DC /* OHConfettiScreen.m in Sources */,
				D3FC55E11B0011890043F02A /* OHRotatingRevealAnimationController.m in Sources */,
				D300C3091BC808A5003F5050 /* OHReactiveButton.m in Sources */,
				D3A742531BCEC6530057710E /* OHImagePickerController.m in Sources */,
				D3A3BA3F1AF433E2005F38E2 /* OHHorizontalScrollView.m in Sources */,
				D383040C1AE9F4CE003AE826 /* OHTableViewWIthCardEffectController.m in Sources */,
				D38FA04F1B26776D002F5C4F /* OHTooltipView.m in Sources */,
				D32848101AEC209900DE7CD3 /* OHHambugerButtonDemo.m in Sources */,
				D36F729F1B62EADF00C75D05 /* OHCompactActionSheetController.m in Sources */,
				D30C945F1B7AB5EE003C05AB /* OHProgressBar.m in Sources */,
				D32848171AEC273800DE7CD3 /* OHHamburgerButton.m in Sources */,
				D323D4611B12280800C3B0D0 /* UIImage+Color.m in Sources */,
				D38FA04B1B255A68002F5C4F /* OHSegmentedControl.m in Sources */,
				D323D4651B122DFC00C3B0D0 /* OHButtonDemoViewController.m in Sources */,
				D309EC1F1ADA456100858EF2 /* UIImageEffects.m in Sources */,
				D3A7424E1BCDAAF80057710E /* OHCircularImageView.m in Sources */,
				4C3EB79D1B54755C005DF938 /* OHLinearScrollView.m in Sources */,
				D3FEFFF81AC50788004D4BD2 /* main.m in Sources */,
				D34A080B1B7B74CF001B6C30 /* NSString+Morphing.m in Sources */,
				D379E5151AF07D0B004D523C /* OHBaseTableViewControllerWithCollapseHeader.m in Sources */,
				D32848011AEC1B3F00DE7CD3 /* AppDelegate.m in Sources */,
			);
			runOnlyForDeploymentPostprocessing = 0;
		};
/* End PBXSourcesBuildPhase section */

/* Begin PBXTargetDependency section */
		D3FE00851AC50D7B004D4BD2 /* PBXTargetDependency */ = {
			isa = PBXTargetDependency;
			target = D3FE00671AC50D35004D4BD2 /* oneHook-library */;
			targetProxy = D3FE00841AC50D7B004D4BD2 /* PBXContainerItemProxy */;
		};
/* End PBXTargetDependency section */

/* Begin XCBuildConfiguration section */
		D3FE00131AC50788004D4BD2 /* Debug */ = {
			isa = XCBuildConfiguration;
			buildSettings = {
				ALWAYS_SEARCH_USER_PATHS = NO;
				CLANG_CXX_LANGUAGE_STANDARD = "gnu++0x";
				CLANG_CXX_LIBRARY = "libc++";
				CLANG_ENABLE_MODULES = YES;
				CLANG_ENABLE_OBJC_ARC = YES;
				CLANG_WARN_BOOL_CONVERSION = YES;
				CLANG_WARN_CONSTANT_CONVERSION = YES;
				CLANG_WARN_DIRECT_OBJC_ISA_USAGE = YES_ERROR;
				CLANG_WARN_EMPTY_BODY = YES;
				CLANG_WARN_ENUM_CONVERSION = YES;
				CLANG_WARN_INT_CONVERSION = YES;
				CLANG_WARN_OBJC_ROOT_CLASS = YES_ERROR;
				CLANG_WARN_UNREACHABLE_CODE = YES;
				CLANG_WARN__DUPLICATE_METHOD_MATCH = YES;
				"CODE_SIGN_IDENTITY[sdk=iphoneos*]" = "iPhone Developer";
				COPY_PHASE_STRIP = NO;
				ENABLE_STRICT_OBJC_MSGSEND = YES;
				GCC_C_LANGUAGE_STANDARD = gnu99;
				GCC_DYNAMIC_NO_PIC = NO;
				GCC_OPTIMIZATION_LEVEL = 0;
				GCC_PREPROCESSOR_DEFINITIONS = (
					"DEBUG=1",
					"$(inherited)",
				);
				GCC_SYMBOLS_PRIVATE_EXTERN = NO;
				GCC_WARN_64_TO_32_BIT_CONVERSION = YES;
				GCC_WARN_ABOUT_RETURN_TYPE = YES_ERROR;
				GCC_WARN_UNDECLARED_SELECTOR = YES;
				GCC_WARN_UNINITIALIZED_AUTOS = YES_AGGRESSIVE;
				GCC_WARN_UNUSED_FUNCTION = YES;
				GCC_WARN_UNUSED_VARIABLE = YES;
				IPHONEOS_DEPLOYMENT_TARGET = 8.4;
				MTL_ENABLE_DEBUG_INFO = YES;
				ONLY_ACTIVE_ARCH = YES;
				SDKROOT = iphoneos;
				TARGETED_DEVICE_FAMILY = "1,2";
			};
			name = Debug;
		};
		D3FE00141AC50788004D4BD2 /* Release */ = {
			isa = XCBuildConfiguration;
			buildSettings = {
				ALWAYS_SEARCH_USER_PATHS = NO;
				CLANG_CXX_LANGUAGE_STANDARD = "gnu++0x";
				CLANG_CXX_LIBRARY = "libc++";
				CLANG_ENABLE_MODULES = YES;
				CLANG_ENABLE_OBJC_ARC = YES;
				CLANG_WARN_BOOL_CONVERSION = YES;
				CLANG_WARN_CONSTANT_CONVERSION = YES;
				CLANG_WARN_DIRECT_OBJC_ISA_USAGE = YES_ERROR;
				CLANG_WARN_EMPTY_BODY = YES;
				CLANG_WARN_ENUM_CONVERSION = YES;
				CLANG_WARN_INT_CONVERSION = YES;
				CLANG_WARN_OBJC_ROOT_CLASS = YES_ERROR;
				CLANG_WARN_UNREACHABLE_CODE = YES;
				CLANG_WARN__DUPLICATE_METHOD_MATCH = YES;
				"CODE_SIGN_IDENTITY[sdk=iphoneos*]" = "iPhone Developer";
				COPY_PHASE_STRIP = NO;
				ENABLE_NS_ASSERTIONS = NO;
				ENABLE_STRICT_OBJC_MSGSEND = YES;
				GCC_C_LANGUAGE_STANDARD = gnu99;
				GCC_WARN_64_TO_32_BIT_CONVERSION = YES;
				GCC_WARN_ABOUT_RETURN_TYPE = YES_ERROR;
				GCC_WARN_UNDECLARED_SELECTOR = YES;
				GCC_WARN_UNINITIALIZED_AUTOS = YES_AGGRESSIVE;
				GCC_WARN_UNUSED_FUNCTION = YES;
				GCC_WARN_UNUSED_VARIABLE = YES;
				IPHONEOS_DEPLOYMENT_TARGET = 8.4;
				MTL_ENABLE_DEBUG_INFO = NO;
				SDKROOT = iphoneos;
				TARGETED_DEVICE_FAMILY = "1,2";
				VALIDATE_PRODUCT = YES;
			};
			name = Release;
		};
		D3FE00161AC50788004D4BD2 /* Debug */ = {
			isa = XCBuildConfiguration;
			buildSettings = {
				ASSETCATALOG_COMPILER_APPICON_NAME = AppIcon;
				INFOPLIST_FILE = oneHookLibrary/Info.plist;
				IPHONEOS_DEPLOYMENT_TARGET = 7.1;
				LD_RUNPATH_SEARCH_PATHS = "$(inherited) @executable_path/Frameworks";
				PRODUCT_NAME = "$(TARGET_NAME)";
			};
			name = Debug;
		};
		D3FE00171AC50788004D4BD2 /* Release */ = {
			isa = XCBuildConfiguration;
			buildSettings = {
				ASSETCATALOG_COMPILER_APPICON_NAME = AppIcon;
				INFOPLIST_FILE = oneHookLibrary/Info.plist;
				IPHONEOS_DEPLOYMENT_TARGET = 7.1;
				LD_RUNPATH_SEARCH_PATHS = "$(inherited) @executable_path/Frameworks";
				PRODUCT_NAME = "$(TARGET_NAME)";
			};
			name = Release;
		};
		D3FE007A1AC50D35004D4BD2 /* Debug */ = {
			isa = XCBuildConfiguration;
			buildSettings = {
				GCC_PREPROCESSOR_DEFINITIONS = (
					"DEBUG=1",
					"$(inherited)",
				);
				OTHER_LDFLAGS = "-ObjC";
				PRODUCT_NAME = "$(TARGET_NAME)";
				SKIP_INSTALL = YES;
			};
			name = Debug;
		};
		D3FE007B1AC50D35004D4BD2 /* Release */ = {
			isa = XCBuildConfiguration;
			buildSettings = {
				OTHER_LDFLAGS = "-ObjC";
				PRODUCT_NAME = "$(TARGET_NAME)";
				SKIP_INSTALL = YES;
			};
			name = Release;
		};
/* End XCBuildConfiguration section */

/* Begin XCConfigurationList section */
		D3FE00151AC50788004D4BD2 /* Build configuration list for PBXNativeTarget "oneHookLibrary" */ = {
			isa = XCConfigurationList;
			buildConfigurations = (
				D3FE00161AC50788004D4BD2 /* Debug */,
				D3FE00171AC50788004D4BD2 /* Release */,
			);
			defaultConfigurationIsVisible = 0;
			defaultConfigurationName = Release;
		};
		D3FE00791AC50D35004D4BD2 /* Build configuration list for PBXNativeTarget "oneHook-library" */ = {
			isa = XCConfigurationList;
			buildConfigurations = (
				D3FE007A1AC50D35004D4BD2 /* Debug */,
				D3FE007B1AC50D35004D4BD2 /* Release */,
			);
			defaultConfigurationIsVisible = 0;
			defaultConfigurationName = Release;
		};
		D3FEFFED1AC50788004D4BD2 /* Build configuration list for PBXProject "oneHookLibrary" */ = {
			isa = XCConfigurationList;
			buildConfigurations = (
				D3FE00131AC50788004D4BD2 /* Debug */,
				D3FE00141AC50788004D4BD2 /* Release */,
			);
			defaultConfigurationIsVisible = 0;
			defaultConfigurationName = Release;
		};
/* End XCConfigurationList section */
	};
	rootObject = D3FEFFEA1AC50788004D4BD2 /* Project object */;
}
